Microsoft Visual Studio Solution File, Format Version 11.00
# Visual Studio 2008

Project("{2FDB6CF0-2AC7-97F7-81DD-325879FEDAAC}") = "c3rvoD", "Assembly-CSharp.csproj", "{8189B6A4-E009-B3F9-69E0-1B8B21F395D7}"
EndProject
Global
	GlobalSection(SolutionConfigurationPlatforms) = preSolution
		Debug|Any CPU = Debug|Any CPU
		Release|Any CPU = Release|Any CPU
	EndGlobalSection
	GlobalSection(ProjectConfigurationPlatforms) = postSolution
		{8189B6A4-E009-B3F9-69E0-1B8B21F395D7}.Debug|Any CPU.ActiveCfg = Debug|Any CPU
		{8189B6A4-E009-B3F9-69E0-1B8B21F395D7}.Debug|Any CPU.Build.0 = Debug|Any CPU
		{8189B6A4-E009-B3F9-69E0-1B8B21F395D7}.Release|Any CPU.ActiveCfg = Release|Any CPU
		{8189B6A4-E009-B3F9-69E0-1B8B21F395D7}.Release|Any CPU.Build.0 = Release|Any CPU
	EndGlobalSection
	GlobalSection(SolutionProperties) = preSolution
		HideSolutionNode = FALSE
	EndGlobalSection
	GlobalSection(MonoDevelopProperties) = preSolution
		StartupItem = Assembly-CSharp.csproj
	EndGlobalSection
EndGlobal
